
Microsoft Visual Studio Solution File, Format Version 11.00
# Visual Studio 2010
Project("{FAE04EC0-301F-11D3-BF4B-00C04F79EFBC}") = "SimpleConfigEditor", "SimpleConfigEditor\SimpleConfigEditor.csproj", "{6961BADA-7F9B-44BA-8055-F8D345D047D5}"
EndProject
Global
	GlobalSection(SolutionConfigurationPlatforms) = preSolution
		Debug|Any CPU = Debug|Any CPU
		Release|Any CPU = Release|Any CPU
	EndGlobalSection
	GlobalSection(ProjectConfigurationPlatforms) = postSolution
		{6961BADA-7F9B-44BA-8055-F8D345D047D5}.Debug|Any CPU.ActiveCfg = Debug|Any CPU
		{6961BADA-7F9B-44BA-8055-F8D345D047D5}.Debug|Any CPU.Build.0 = Debug|Any CPU
		{6961BADA-7F9B-44BA-8055-F8D345D047D5}.Release|Any CPU.ActiveCfg = Release|Any CPU
		{6961BADA-7F9B-44BA-8055-F8D345D047D5}.Release|Any CPU.Build.0 = Release|Any CPU
	EndGlobalSection
	GlobalSection(SolutionProperties) = preSolution
		HideSolutionNode = FALSE
	EndGlobalSection
EndGlobal
